# This file is generated by running "yarn install" inside your project.
# Manual changes might be lost - proceed with caution!

__metadata:
  version: 5
  cacheKey: 8

"@lewisl9029/use-styles@workspace:.":
  version: 0.0.0-use.local
  resolution: "@lewisl9029/use-styles@workspace:."
  dependencies:
    csstype: ^3.0.10
    react: ^16.8.0
  languageName: unknown
  linkType: soft

"csstype@npm:^3.0.10":
  version: 3.0.10
  resolution: "csstype@npm:3.0.10"
  checksum: 20a8fa324f2b33ddf94aa7507d1b6ab3daa6f3cc308888dc50126585d7952f2471de69b2dbe0635d1fdc31223fef8e070842691877e725caf456e2378685a631
  languageName: node
  linkType: hard

"js-tokens@npm:^3.0.0 || ^4.0.0":
  version: 4.0.0
  resolution: "js-tokens@npm:4.0.0"
  checksum: 8a95213a5a77deb6cbe94d86340e8d9ace2b93bc367790b260101d2f36a2eaf4e4e22d9fa9cf459b38af3a32fb4190e638024cf82ec95ef708680e405ea7cc78
  languageName: node
  linkType: hard

"loose-envify@npm:^1.1.0, loose-envify@npm:^1.4.0":
  version: 1.4.0
  resolution: "loose-envify@npm:1.4.0"
  dependencies:
    js-tokens: ^3.0.0 || ^4.0.0
  bin:
    loose-envify: cli.js
  checksum: 6517e24e0cad87ec9888f500c5b5947032cdfe6ef65e1c1936a0c48a524b81e65542c9c3edc91c97d5bddc806ee2a985dbc79be89215d613b1de5db6d1cfe6f4
  languageName: node
  linkType: hard

"object-assign@npm:^4.1.1":
  version: 4.1.1
  resolution: "object-assign@npm:4.1.1"
  checksum: fcc6e4ea8c7fe48abfbb552578b1c53e0d194086e2e6bbbf59e0a536381a292f39943c6e9628af05b5528aa5e3318bb30d6b2e53cadaf5b8fe9e12c4b69af23f
  languageName: node
  linkType: hard

"prop-types@npm:^15.6.2":
  version: 15.7.2
  resolution: "prop-types@npm:15.7.2"
  dependencies:
    loose-envify: ^1.4.0
    object-assign: ^4.1.1
    react-is: ^16.8.1
  checksum: 5eef82fdda64252c7e75aa5c8cc28a24bbdece0f540adb60ce67c205cf978a5bd56b83e4f269f91c6e4dcfd80b36f2a2dec24d362e278913db2086ca9c6f9430
  languageName: node
  linkType: hard

"react-is@npm:^16.8.1":
  version: 16.13.1
  resolution: "react-is@npm:16.13.1"
  checksum: f7a19ac3496de32ca9ae12aa030f00f14a3d45374f1ceca0af707c831b2a6098ef0d6bdae51bd437b0a306d7f01d4677fcc8de7c0d331eb47ad0f46130e53c5f
  languageName: node
  linkType: hard

"react@npm:^16.8.0":
  version: 16.13.1
  resolution: "react@npm:16.13.1"
  dependencies:
    loose-envify: ^1.1.0
    object-assign: ^4.1.1
    prop-types: ^15.6.2
  checksum: 4508f4207caca6bef55736284cbf2ce18d2edfee4c1457fc0bb2086b34ed5bcf9b44acdb71e27574e73a5b5d4d093720b5b4ec0bf92bb89394ee3a0a7c42c2d4
  languageName: node
  linkType: hard
